<?xml version="1.0" encoding="utf-8"?>
<Project ToolsVersion="4.0" xmlns="http://schemas.microsoft.com/developer/msbuild/2003">
  <ItemGroup>
    <Filter Include="Source Files">
      <UniqueIdentifier>{4FC737F1-C7A5-4376-A066-2A32D752A2FF}</UniqueIdentifier>
      <Extensions>cpp;c;cc;cxx;c++;cppm;ixx;def;odl;idl;hpj;bat;asm;asmx</Extensions>
    </Filter>
    <Filter Include="Header Files">
      <UniqueIdentifier>{93995380-89BD-4b04-88EB-625FBE52EBFB}</UniqueIdentifier>
      <Extensions>h;hh;hpp;hxx;h++;hm;inl;inc;ipp;xsd</Extensions>
    </Filter>
    <Filter Include="Resource Files">
      <UniqueIdentifier>{67DA6AB6-F800-4c08-8B7A-83BB121AAD01}</UniqueIdentifier>
      <Extensions>rc;ico;cur;bmp;dlg;rc2;rct;bin;rgs;gif;jpg;jpeg;jpe;resx;tiff;tif;png;wav;mfcribbon-ms</Extensions>
    </Filter>
    <Filter Include="Source Files\Graphics">
      <UniqueIdentifier>{a7e1221b-5bd2-4cbd-8873-484252c671ec}</UniqueIdentifier>
    </Filter>
    <Filter Include="Source Files\Shaders">
      <UniqueIdentifier>{2da66136-1ffe-48d6-8306-cf06d7606bf8}</UniqueIdentifier>
    </Filter>
    <Filter Include="Source Files\NeuralNetwork">
      <UniqueIdentifier>{4c8edf96-69cc-4ba2-aede-5b887d79f6d3}</UniqueIdentifier>
    </Filter>
    <Filter Include="Source Files\NeuralNetwork\Neuron">
      <UniqueIdentifier>{db51b123-6b42-42da-8b6c-cc04b1552e6e}</UniqueIdentifier>
    </Filter>
    <Filter Include="Source Files\NeuralNetwork">
      <UniqueIdentifier>{4c8edf96-69cc-4ba2-aede-5b887d79f6d3}</UniqueIdentifier>
    </Filter>
    <Filter Include="Source Files\Kernels">
      <UniqueIdentifier>{292a9512-992f-4973-a711-57ecfa4d5510}</UniqueIdentifier>
    </Filter>
  </ItemGroup>
  <ItemGroup>
    <ClCompile Include="main.cpp">
      <Filter>Source Files</Filter>
    </ClCompile>
    <ClCompile Include="src\Graphics\Graphics.cpp">
      <Filter>Source Files\Graphics</Filter>
    </ClCompile>
    <ClCompile Include="src\NeurtalNetwork\NeuralNetwork.cpp">
      <Filter>Source Files\NeuralNetwork</Filter>
    </ClCompile>
    <ClCompile Include="src\NeurtalNetwork\Neuron\Neuron.cpp">
      <Filter>Source Files\NeuralNetwork\Neuron</Filter>
    </ClCompile>
    <ClCompile Include="src\NeurtalNetwork\NeuralNetwork.cpp">
      <Filter>Source Files\NeuralNetwork</Filter>
    </ClCompile>
    <ClCompile Include="src\NeurtalNetwork\NeuralNetwork.cpp">
      <Filter>Source Files\NeuralNetwork</Filter>
    </ClCompile>
  </ItemGroup>
  <ItemGroup>
    <ClInclude Include="src\Graphics\Graphics.h">
      <Filter>Source Files\Graphics</Filter>
    </ClInclude>
    <ClInclude Include="src\NeurtalNetwork\NeuralNetwork.h">
      <Filter>Source Files\NeuralNetwork</Filter>
    </ClInclude>
    <ClInclude Include="src\NeurtalNetwork\Neuron\Neuron.h">
      <Filter>Source Files\NeuralNetwork\Neuron</Filter>
    </ClInclude>
    <ClInclude Include="src\NeurtalNetwork\NeuralNetwork.h">
      <Filter>Source Files\NeuralNetwork</Filter>
    </ClInclude>
    <ClInclude Include="src\NeurtalNetwork\NeuralNetwork.h">
      <Filter>Source Files\NeuralNetwork</Filter>
    </ClInclude>
  </ItemGroup>
  <ItemGroup>
    <None Include="src\shaders\fragment.glsl">
      <Filter>Source Files\Shaders</Filter>
    </None>
    <None Include="src\shaders\vertex.glsl">
      <Filter>Source Files\Shaders</Filter>
    </None>
    <None Include="src\kernels\forwardPass.cl">
      <Filter>Source Files\Kernels</Filter>
    </None>
  </ItemGroup>
</Project>